
Microsoft Visual Studio Solution File, Format Version 12.00
# Visual Studio Version 17
VisualStudioVersion = 17.13.35931.197 d17.13
MinimumVisualStudioVersion = 10.0.40219.1
Project("{FAE04EC0-301F-11D3-BF4B-00C04F79EFBC}") = "CodeCheck", "CodeCheck.csproj", "{A7F88E12-E083-B03B-A540-DF4F8098B868}"
EndProject
Global
	GlobalSection(SolutionConfigurationPlatforms) = preSolution
		Debug|Any CPU = Debug|Any CPU
		Release|Any CPU = Release|Any CPU
	EndGlobalSection
	GlobalSection(ProjectConfigurationPlatforms) = postSolution
		{A7F88E12-E083-B03B-A540-DF4F8098B868}.Debug|Any CPU.ActiveCfg = Debug|Any CPU
		{A7F88E12-E083-B03B-A540-DF4F8098B868}.Debug|Any CPU.Build.0 = Debug|Any CPU
		{A7F88E12-E083-B03B-A540-DF4F8098B868}.Release|Any CPU.ActiveCfg = Release|Any CPU
		{A7F88E12-E083-B03B-A540-DF4F8098B868}.Release|Any CPU.Build.0 = Release|Any CPU
	EndGlobalSection
	GlobalSection(SolutionProperties) = preSolution
		HideSolutionNode = FALSE
	EndGlobalSection
	GlobalSection(ExtensibilityGlobals) = postSolution
		SolutionGuid = {B0B3D1EB-37AE-4F03-BE8D-111A0CCD238A}
	EndGlobalSection
EndGlobal
